
Microsoft Visual Studio Solution File, Format Version 12.00
# Visual Studio 2012
Project("{FAE04EC0-301F-11D3-BF4B-00C04F79EFBC}") = "Clarity", "Clarity\Clarity.csproj", "{0FB3337D-2347-4531-A697-F94268908336}"
EndProject
Project("{FAE04EC0-301F-11D3-BF4B-00C04F79EFBC}") = "Clarity.Wpf", "Clarity.Wpf\Clarity.Wpf.csproj", "{D0597375-2FAF-4914-8EDA-9ABF422DEEB1}"
EndProject
Project("{FAE04EC0-301F-11D3-BF4B-00C04F79EFBC}") = "Clarity.Tests", "Clarity.Tests\Clarity.Tests.csproj", "{7E2F3787-7DF8-445D-801B-00C0531D7A8B}"
EndProject
Project("{FAE04EC0-301F-11D3-BF4B-00C04F79EFBC}") = "SimpleEditor", "Samples\SimpleEditor\SimpleEditor.csproj", "{2EEF2113-42BD-40C5-8966-5810E82D7958}"
EndProject
Project("{FAE04EC0-301F-11D3-BF4B-00C04F79EFBC}") = "CustomerBrowser", "Samples\CustomerBrowser\CustomerBrowser.csproj", "{454BAD06-851E-4C64-A7EB-350174A85686}"
EndProject
Project("{2150E333-8FDC-42A3-9474-1A3956D46DE8}") = "Samples", "Samples", "{9E0D80EF-08CB-40DD-95C0-B86B008B6DB7}"
EndProject
Project("{FAE04EC0-301F-11D3-BF4B-00C04F79EFBC}") = "SearchExample", "Samples\SearchExample\SearchExample.csproj", "{2E8F10E1-D612-470A-8BC6-CD7B63E9AC6D}"
EndProject
Project("{FAE04EC0-301F-11D3-BF4B-00C04F79EFBC}") = "WinformsEarningsCalculator", "Samples\WinformsEarningsCalculator\WinformsEarningsCalculator.csproj", "{AAAE8FDC-75E1-4905-8D7A-930506685EE3}"
EndProject
Project("{FAE04EC0-301F-11D3-BF4B-00C04F79EFBC}") = "Clarity.Winforms", "Clarity.Winforms\Clarity.Winforms.csproj", "{A74F7155-C2CC-487A-8C47-D7842FD1F351}"
EndProject
Project("{2150E333-8FDC-42A3-9474-1A3956D46DE8}") = "FileExplorer", "FileExplorer", "{17A31188-7570-4741-9627-D7810B178413}"
EndProject
Project("{FAE04EC0-301F-11D3-BF4B-00C04F79EFBC}") = "ExplorerLib", "Samples\ExplorerLib\ExplorerLib.csproj", "{9C13BEAE-2BBD-4BA2-BD69-25C051D740D3}"
EndProject
Project("{FAE04EC0-301F-11D3-BF4B-00C04F79EFBC}") = "WinformsFileExplorer", "samples\WinformsFileExplorer\WinformsFileExplorer.csproj", "{893D2E73-A20F-414A-9FFB-6695A67C1504}"
EndProject
Project("{FAE04EC0-301F-11D3-BF4B-00C04F79EFBC}") = "WpfFileExplorer", "Samples\WpfFileExplorer\WpfFileExplorer.csproj", "{9A642114-0C97-4396-9FFC-6D2EB9834206}"
EndProject
Global
	GlobalSection(SolutionConfigurationPlatforms) = preSolution
		Debug|Any CPU = Debug|Any CPU
		Migration|Any CPU = Migration|Any CPU
		Release|Any CPU = Release|Any CPU
	EndGlobalSection
	GlobalSection(ProjectConfigurationPlatforms) = postSolution
		{0FB3337D-2347-4531-A697-F94268908336}.Debug|Any CPU.ActiveCfg = Debug|Any CPU
		{0FB3337D-2347-4531-A697-F94268908336}.Debug|Any CPU.Build.0 = Debug|Any CPU
		{0FB3337D-2347-4531-A697-F94268908336}.Migration|Any CPU.ActiveCfg = Release|Any CPU
		{0FB3337D-2347-4531-A697-F94268908336}.Migration|Any CPU.Build.0 = Release|Any CPU
		{0FB3337D-2347-4531-A697-F94268908336}.Release|Any CPU.ActiveCfg = Release|Any CPU
		{0FB3337D-2347-4531-A697-F94268908336}.Release|Any CPU.Build.0 = Release|Any CPU
		{D0597375-2FAF-4914-8EDA-9ABF422DEEB1}.Debug|Any CPU.ActiveCfg = Debug|Any CPU
		{D0597375-2FAF-4914-8EDA-9ABF422DEEB1}.Debug|Any CPU.Build.0 = Debug|Any CPU
		{D0597375-2FAF-4914-8EDA-9ABF422DEEB1}.Migration|Any CPU.ActiveCfg = Migration|Any CPU
		{D0597375-2FAF-4914-8EDA-9ABF422DEEB1}.Migration|Any CPU.Build.0 = Migration|Any CPU
		{D0597375-2FAF-4914-8EDA-9ABF422DEEB1}.Release|Any CPU.ActiveCfg = Release|Any CPU
		{D0597375-2FAF-4914-8EDA-9ABF422DEEB1}.Release|Any CPU.Build.0 = Release|Any CPU
		{7E2F3787-7DF8-445D-801B-00C0531D7A8B}.Debug|Any CPU.ActiveCfg = Debug|Any CPU
		{7E2F3787-7DF8-445D-801B-00C0531D7A8B}.Debug|Any CPU.Build.0 = Debug|Any CPU
		{7E2F3787-7DF8-445D-801B-00C0531D7A8B}.Migration|Any CPU.ActiveCfg = Release|Any CPU
		{7E2F3787-7DF8-445D-801B-00C0531D7A8B}.Migration|Any CPU.Build.0 = Release|Any CPU
		{7E2F3787-7DF8-445D-801B-00C0531D7A8B}.Release|Any CPU.ActiveCfg = Release|Any CPU
		{7E2F3787-7DF8-445D-801B-00C0531D7A8B}.Release|Any CPU.Build.0 = Release|Any CPU
		{2EEF2113-42BD-40C5-8966-5810E82D7958}.Debug|Any CPU.ActiveCfg = Debug|Any CPU
		{2EEF2113-42BD-40C5-8966-5810E82D7958}.Debug|Any CPU.Build.0 = Debug|Any CPU
		{2EEF2113-42BD-40C5-8966-5810E82D7958}.Migration|Any CPU.ActiveCfg = Release|Any CPU
		{2EEF2113-42BD-40C5-8966-5810E82D7958}.Migration|Any CPU.Build.0 = Release|Any CPU
		{2EEF2113-42BD-40C5-8966-5810E82D7958}.Release|Any CPU.ActiveCfg = Release|Any CPU
		{2EEF2113-42BD-40C5-8966-5810E82D7958}.Release|Any CPU.Build.0 = Release|Any CPU
		{454BAD06-851E-4C64-A7EB-350174A85686}.Debug|Any CPU.ActiveCfg = Debug|Any CPU
		{454BAD06-851E-4C64-A7EB-350174A85686}.Debug|Any CPU.Build.0 = Debug|Any CPU
		{454BAD06-851E-4C64-A7EB-350174A85686}.Migration|Any CPU.ActiveCfg = Release|Any CPU
		{454BAD06-851E-4C64-A7EB-350174A85686}.Migration|Any CPU.Build.0 = Release|Any CPU
		{454BAD06-851E-4C64-A7EB-350174A85686}.Release|Any CPU.ActiveCfg = Release|Any CPU
		{454BAD06-851E-4C64-A7EB-350174A85686}.Release|Any CPU.Build.0 = Release|Any CPU
		{2E8F10E1-D612-470A-8BC6-CD7B63E9AC6D}.Debug|Any CPU.ActiveCfg = Debug|Any CPU
		{2E8F10E1-D612-470A-8BC6-CD7B63E9AC6D}.Debug|Any CPU.Build.0 = Debug|Any CPU
		{2E8F10E1-D612-470A-8BC6-CD7B63E9AC6D}.Migration|Any CPU.ActiveCfg = Release|Any CPU
		{2E8F10E1-D612-470A-8BC6-CD7B63E9AC6D}.Migration|Any CPU.Build.0 = Release|Any CPU
		{2E8F10E1-D612-470A-8BC6-CD7B63E9AC6D}.Release|Any CPU.ActiveCfg = Release|Any CPU
		{2E8F10E1-D612-470A-8BC6-CD7B63E9AC6D}.Release|Any CPU.Build.0 = Release|Any CPU
		{AAAE8FDC-75E1-4905-8D7A-930506685EE3}.Debug|Any CPU.ActiveCfg = Debug|Any CPU
		{AAAE8FDC-75E1-4905-8D7A-930506685EE3}.Debug|Any CPU.Build.0 = Debug|Any CPU
		{AAAE8FDC-75E1-4905-8D7A-930506685EE3}.Migration|Any CPU.ActiveCfg = Release|Any CPU
		{AAAE8FDC-75E1-4905-8D7A-930506685EE3}.Migration|Any CPU.Build.0 = Release|Any CPU
		{AAAE8FDC-75E1-4905-8D7A-930506685EE3}.Release|Any CPU.ActiveCfg = Release|Any CPU
		{AAAE8FDC-75E1-4905-8D7A-930506685EE3}.Release|Any CPU.Build.0 = Release|Any CPU
		{A74F7155-C2CC-487A-8C47-D7842FD1F351}.Debug|Any CPU.ActiveCfg = Debug|Any CPU
		{A74F7155-C2CC-487A-8C47-D7842FD1F351}.Debug|Any CPU.Build.0 = Debug|Any CPU
		{A74F7155-C2CC-487A-8C47-D7842FD1F351}.Migration|Any CPU.ActiveCfg = Release|Any CPU
		{A74F7155-C2CC-487A-8C47-D7842FD1F351}.Migration|Any CPU.Build.0 = Release|Any CPU
		{A74F7155-C2CC-487A-8C47-D7842FD1F351}.Release|Any CPU.ActiveCfg = Release|Any CPU
		{A74F7155-C2CC-487A-8C47-D7842FD1F351}.Release|Any CPU.Build.0 = Release|Any CPU
		{9C13BEAE-2BBD-4BA2-BD69-25C051D740D3}.Debug|Any CPU.ActiveCfg = Debug|Any CPU
		{9C13BEAE-2BBD-4BA2-BD69-25C051D740D3}.Debug|Any CPU.Build.0 = Debug|Any CPU
		{9C13BEAE-2BBD-4BA2-BD69-25C051D740D3}.Migration|Any CPU.ActiveCfg = Release|Any CPU
		{9C13BEAE-2BBD-4BA2-BD69-25C051D740D3}.Migration|Any CPU.Build.0 = Release|Any CPU
		{9C13BEAE-2BBD-4BA2-BD69-25C051D740D3}.Release|Any CPU.ActiveCfg = Release|Any CPU
		{9C13BEAE-2BBD-4BA2-BD69-25C051D740D3}.Release|Any CPU.Build.0 = Release|Any CPU
		{893D2E73-A20F-414A-9FFB-6695A67C1504}.Debug|Any CPU.ActiveCfg = Debug|Any CPU
		{893D2E73-A20F-414A-9FFB-6695A67C1504}.Debug|Any CPU.Build.0 = Debug|Any CPU
		{893D2E73-A20F-414A-9FFB-6695A67C1504}.Migration|Any CPU.ActiveCfg = Release|Any CPU
		{893D2E73-A20F-414A-9FFB-6695A67C1504}.Migration|Any CPU.Build.0 = Release|Any CPU
		{893D2E73-A20F-414A-9FFB-6695A67C1504}.Release|Any CPU.ActiveCfg = Release|Any CPU
		{893D2E73-A20F-414A-9FFB-6695A67C1504}.Release|Any CPU.Build.0 = Release|Any CPU
		{9A642114-0C97-4396-9FFC-6D2EB9834206}.Debug|Any CPU.ActiveCfg = Debug|Any CPU
		{9A642114-0C97-4396-9FFC-6D2EB9834206}.Debug|Any CPU.Build.0 = Debug|Any CPU
		{9A642114-0C97-4396-9FFC-6D2EB9834206}.Migration|Any CPU.ActiveCfg = Release|Any CPU
		{9A642114-0C97-4396-9FFC-6D2EB9834206}.Migration|Any CPU.Build.0 = Release|Any CPU
		{9A642114-0C97-4396-9FFC-6D2EB9834206}.Release|Any CPU.ActiveCfg = Release|Any CPU
		{9A642114-0C97-4396-9FFC-6D2EB9834206}.Release|Any CPU.Build.0 = Release|Any CPU
	EndGlobalSection
	GlobalSection(SolutionProperties) = preSolution
		HideSolutionNode = FALSE
	EndGlobalSection
	GlobalSection(NestedProjects) = preSolution
		{454BAD06-851E-4C64-A7EB-350174A85686} = {9E0D80EF-08CB-40DD-95C0-B86B008B6DB7}
		{2EEF2113-42BD-40C5-8966-5810E82D7958} = {9E0D80EF-08CB-40DD-95C0-B86B008B6DB7}
		{2E8F10E1-D612-470A-8BC6-CD7B63E9AC6D} = {9E0D80EF-08CB-40DD-95C0-B86B008B6DB7}
		{AAAE8FDC-75E1-4905-8D7A-930506685EE3} = {9E0D80EF-08CB-40DD-95C0-B86B008B6DB7}
		{17A31188-7570-4741-9627-D7810B178413} = {9E0D80EF-08CB-40DD-95C0-B86B008B6DB7}
		{9C13BEAE-2BBD-4BA2-BD69-25C051D740D3} = {17A31188-7570-4741-9627-D7810B178413}
		{893D2E73-A20F-414A-9FFB-6695A67C1504} = {17A31188-7570-4741-9627-D7810B178413}
		{9A642114-0C97-4396-9FFC-6D2EB9834206} = {17A31188-7570-4741-9627-D7810B178413}
	EndGlobalSection
EndGlobal
